
Microsoft Visual Studio Solution File, Format Version 12.00
# Visual Studio Version 17
VisualStudioVersion = 17.14.37203.1
MinimumVisualStudioVersion = 10.0.40219.1
Project("{FAE04EC0-301F-11D3-BF4B-00C04F79EFBC}") = "TrainFinder.Application", "TrainFinder.Application\TrainFinder.Application.csproj", "{70474DFD-35F7-43F3-AFE2-A15B46FCABBF}"
EndProject
Project("{FAE04EC0-301F-11D3-BF4B-00C04F79EFBC}") = "TrainFinder.Data", "TrainFinder.Data\TrainFinder.Data.csproj", "{053F7681-C7BB-4BD1-8E3A-48263C2CAAF6}"
EndProject
Project("{FAE04EC0-301F-11D3-BF4B-00C04F79EFBC}") = "TrainFinder.Repository", "TrainFinder.Repository\TrainFinder.Repository.csproj", "{8DC35873-EDB9-49F7-B79F-64440A3BB45D}"
EndProject
Project("{FAE04EC0-301F-11D3-BF4B-00C04F79EFBC}") = "TrainFinder.Web", "TrainFinder.Web\TrainFinder.Web.csproj", "{E08D2E7F-0150-4D66-BF88-86C067CDC3E1}"
EndProject
Project("{FAE04EC0-301F-11D3-BF4B-00C04F79EFBC}") = "TrainFinder.Infrastructure", "TrainFinder.Infrastructure\TrainFinder.Infrastructure.csproj", "{99A84C1D-A766-4091-9815-E8C93A362E48}"
EndProject
Project("{FAE04EC0-301F-11D3-BF4B-00C04F79EFBC}") = "TrainFinder.WebJobs.RefreshTrains", "TrainFinder.WebJobs.RefreshTrains\TrainFinder.WebJobs.RefreshTrains.csproj", "{03B719B8-A7B3-46E0-A178-070C9577646C}"
EndProject
Project("{FAE04EC0-301F-11D3-BF4B-00C04F79EFBC}") = "TrainFinder.WebJobs.RefreshTimetables", "TrainFinder.WebJobs.RefreshTimetables\TrainFinder.WebJobs.RefreshTimetables.csproj", "{0686B238-1A9C-4C42-8D00-C69AE14012B2}"
EndProject
Project("{FAE04EC0-301F-11D3-BF4B-00C04F79EFBC}") = "TrainFinder.LocalRunner", "TrainFinder.LocalRunner\TrainFinder.LocalRunner.csproj", "{745897D3-63ED-460A-9B21-23BC2BD97410}"
EndProject
Global
	GlobalSection(SolutionConfigurationPlatforms) = preSolution
		Debug|Any CPU = Debug|Any CPU
		Debug|x64 = Debug|x64
		Debug|x86 = Debug|x86
		Release|Any CPU = Release|Any CPU
		Release|x64 = Release|x64
		Release|x86 = Release|x86
	EndGlobalSection
	GlobalSection(ProjectConfigurationPlatforms) = postSolution
		{70474DFD-35F7-43F3-AFE2-A15B46FCABBF}.Debug|Any CPU.ActiveCfg = Debug|Any CPU
		{70474DFD-35F7-43F3-AFE2-A15B46FCABBF}.Debug|Any CPU.Build.0 = Debug|Any CPU
		{70474DFD-35F7-43F3-AFE2-A15B46FCABBF}.Debug|x64.ActiveCfg = Debug|Any CPU
		{70474DFD-35F7-43F3-AFE2-A15B46FCABBF}.Debug|x64.Build.0 = Debug|Any CPU
		{70474DFD-35F7-43F3-AFE2-A15B46FCABBF}.Debug|x86.ActiveCfg = Debug|Any CPU
		{70474DFD-35F7-43F3-AFE2-A15B46FCABBF}.Debug|x86.Build.0 = Debug|Any CPU
		{70474DFD-35F7-43F3-AFE2-A15B46FCABBF}.Release|Any CPU.ActiveCfg = Release|Any CPU
		{70474DFD-35F7-43F3-AFE2-A15B46FCABBF}.Release|Any CPU.Build.0 = Release|Any CPU
		{70474DFD-35F7-43F3-AFE2-A15B46FCABBF}.Release|x64.ActiveCfg = Release|Any CPU
		{70474DFD-35F7-43F3-AFE2-A15B46FCABBF}.Release|x64.Build.0 = Release|Any CPU
		{70474DFD-35F7-43F3-AFE2-A15B46FCABBF}.Release|x86.ActiveCfg = Release|Any CPU
		{70474DFD-35F7-43F3-AFE2-A15B46FCABBF}.Release|x86.Build.0 = Release|Any CPU
		{053F7681-C7BB-4BD1-8E3A-48263C2CAAF6}.Debug|Any CPU.ActiveCfg = Debug|Any CPU
		{053F7681-C7BB-4BD1-8E3A-48263C2CAAF6}.Debug|Any CPU.Build.0 = Debug|Any CPU
		{053F7681-C7BB-4BD1-8E3A-48263C2CAAF6}.Debug|x64.ActiveCfg = Debug|Any CPU
		{053F7681-C7BB-4BD1-8E3A-48263C2CAAF6}.Debug|x64.Build.0 = Debug|Any CPU
		{053F7681-C7BB-4BD1-8E3A-48263C2CAAF6}.Debug|x86.ActiveCfg = Debug|Any CPU
		{053F7681-C7BB-4BD1-8E3A-48263C2CAAF6}.Debug|x86.Build.0 = Debug|Any CPU
		{053F7681-C7BB-4BD1-8E3A-48263C2CAAF6}.Release|Any CPU.ActiveCfg = Release|Any CPU
		{053F7681-C7BB-4BD1-8E3A-48263C2CAAF6}.Release|Any CPU.Build.0 = Release|Any CPU
		{053F7681-C7BB-4BD1-8E3A-48263C2CAAF6}.Release|x64.ActiveCfg = Release|Any CPU
		{053F7681-C7BB-4BD1-8E3A-48263C2CAAF6}.Release|x64.Build.0 = Release|Any CPU
		{053F7681-C7BB-4BD1-8E3A-48263C2CAAF6}.Release|x86.ActiveCfg = Release|Any CPU
		{053F7681-C7BB-4BD1-8E3A-48263C2CAAF6}.Release|x86.Build.0 = Release|Any CPU
		{8DC35873-EDB9-49F7-B79F-64440A3BB45D}.Debug|Any CPU.ActiveCfg = Debug|Any CPU
		{8DC35873-EDB9-49F7-B79F-64440A3BB45D}.Debug|Any CPU.Build.0 = Debug|Any CPU
		{8DC35873-EDB9-49F7-B79F-64440A3BB45D}.Debug|x64.ActiveCfg = Debug|Any CPU
		{8DC35873-EDB9-49F7-B79F-64440A3BB45D}.Debug|x64.Build.0 = Debug|Any CPU
		{8DC35873-EDB9-49F7-B79F-64440A3BB45D}.Debug|x86.ActiveCfg = Debug|Any CPU
		{8DC35873-EDB9-49F7-B79F-64440A3BB45D}.Debug|x86.Build.0 = Debug|Any CPU
		{8DC35873-EDB9-49F7-B79F-64440A3BB45D}.Release|Any CPU.ActiveCfg = Release|Any CPU
		{8DC35873-EDB9-49F7-B79F-64440A3BB45D}.Release|Any CPU.Build.0 = Release|Any CPU
		{8DC35873-EDB9-49F7-B79F-64440A3BB45D}.Release|x64.ActiveCfg = Release|Any CPU
		{8DC35873-EDB9-49F7-B79F-64440A3BB45D}.Release|x64.Build.0 = Release|Any CPU
		{8DC35873-EDB9-49F7-B79F-64440A3BB45D}.Release|x86.ActiveCfg = Release|Any CPU
		{8DC35873-EDB9-49F7-B79F-64440A3BB45D}.Release|x86.Build.0 = Release|Any CPU
		{E08D2E7F-0150-4D66-BF88-86C067CDC3E1}.Debug|Any CPU.ActiveCfg = Debug|Any CPU
		{E08D2E7F-0150-4D66-BF88-86C067CDC3E1}.Debug|Any CPU.Build.0 = Debug|Any CPU
		{E08D2E7F-0150-4D66-BF88-86C067CDC3E1}.Debug|x64.ActiveCfg = Debug|Any CPU
		{E08D2E7F-0150-4D66-BF88-86C067CDC3E1}.Debug|x64.Build.0 = Debug|Any CPU
		{E08D2E7F-0150-4D66-BF88-86C067CDC3E1}.Debug|x86.ActiveCfg = Debug|Any CPU
		{E08D2E7F-0150-4D66-BF88-86C067CDC3E1}.Debug|x86.Build.0 = Debug|Any CPU
		{E08D2E7F-0150-4D66-BF88-86C067CDC3E1}.Release|Any CPU.ActiveCfg = Release|Any CPU
		{E08D2E7F-0150-4D66-BF88-86C067CDC3E1}.Release|Any CPU.Build.0 = Release|Any CPU
		{E08D2E7F-0150-4D66-BF88-86C067CDC3E1}.Release|x64.ActiveCfg = Release|Any CPU
		{E08D2E7F-0150-4D66-BF88-86C067CDC3E1}.Release|x64.Build.0 = Release|Any CPU
		{E08D2E7F-0150-4D66-BF88-86C067CDC3E1}.Release|x86.ActiveCfg = Release|Any CPU
		{E08D2E7F-0150-4D66-BF88-86C067CDC3E1}.Release|x86.Build.0 = Release|Any CPU
		{99A84C1D-A766-4091-9815-E8C93A362E48}.Debug|Any CPU.ActiveCfg = Debug|Any CPU
		{99A84C1D-A766-4091-9815-E8C93A362E48}.Debug|Any CPU.Build.0 = Debug|Any CPU
		{99A84C1D-A766-4091-9815-E8C93A362E48}.Debug|x64.ActiveCfg = Debug|Any CPU
		{99A84C1D-A766-4091-9815-E8C93A362E48}.Debug|x64.Build.0 = Debug|Any CPU
		{99A84C1D-A766-4091-9815-E8C93A362E48}.Debug|x86.ActiveCfg = Debug|Any CPU
		{99A84C1D-A766-4091-9815-E8C93A362E48}.Debug|x86.Build.0 = Debug|Any CPU
		{99A84C1D-A766-4091-9815-E8C93A362E48}.Release|Any CPU.ActiveCfg = Release|Any CPU
		{99A84C1D-A766-4091-9815-E8C93A362E48}.Release|Any CPU.Build.0 = Release|Any CPU
		{99A84C1D-A766-4091-9815-E8C93A362E48}.Release|x64.ActiveCfg = Release|Any CPU
		{99A84C1D-A766-4091-9815-E8C93A362E48}.Release|x64.Build.0 = Release|Any CPU
		{99A84C1D-A766-4091-9815-E8C93A362E48}.Release|x86.ActiveCfg = Release|Any CPU
		{99A84C1D-A766-4091-9815-E8C93A362E48}.Release|x86.Build.0 = Release|Any CPU
		{03B719B8-A7B3-46E0-A178-070C9577646C}.Debug|Any CPU.ActiveCfg = Debug|Any CPU
		{03B719B8-A7B3-46E0-A178-070C9577646C}.Debug|Any CPU.Build.0 = Debug|Any CPU
		{03B719B8-A7B3-46E0-A178-070C9577646C}.Debug|x64.ActiveCfg = Debug|Any CPU
		{03B719B8-A7B3-46E0-A178-070C9577646C}.Debug|x64.Build.0 = Debug|Any CPU
		{03B719B8-A7B3-46E0-A178-070C9577646C}.Debug|x86.ActiveCfg = Debug|Any CPU
		{03B719B8-A7B3-46E0-A178-070C9577646C}.Debug|x86.Build.0 = Debug|Any CPU
		{03B719B8-A7B3-46E0-A178-070C9577646C}.Release|Any CPU.ActiveCfg = Release|Any CPU
		{03B719B8-A7B3-46E0-A178-070C9577646C}.Release|Any CPU.Build.0 = Release|Any CPU
		{03B719B8-A7B3-46E0-A178-070C9577646C}.Release|x64.ActiveCfg = Release|Any CPU
		{03B719B8-A7B3-46E0-A178-070C9577646C}.Release|x64.Build.0 = Release|Any CPU
		{03B719B8-A7B3-46E0-A178-070C9577646C}.Release|x86.ActiveCfg = Release|Any CPU
		{03B719B8-A7B3-46E0-A178-070C9577646C}.Release|x86.Build.0 = Release|Any CPU
		{0686B238-1A9C-4C42-8D00-C69AE14012B2}.Debug|Any CPU.ActiveCfg = Debug|Any CPU
		{0686B238-1A9C-4C42-8D00-C69AE14012B2}.Debug|Any CPU.Build.0 = Debug|Any CPU
		{0686B238-1A9C-4C42-8D00-C69AE14012B2}.Debug|x64.ActiveCfg = Debug|Any CPU
		{0686B238-1A9C-4C42-8D00-C69AE14012B2}.Debug|x64.Build.0 = Debug|Any CPU
		{0686B238-1A9C-4C42-8D00-C69AE14012B2}.Debug|x86.ActiveCfg = Debug|Any CPU
		{0686B238-1A9C-4C42-8D00-C69AE14012B2}.Debug|x86.Build.0 = Debug|Any CPU
		{0686B238-1A9C-4C42-8D00-C69AE14012B2}.Release|Any CPU.ActiveCfg = Release|Any CPU
		{0686B238-1A9C-4C42-8D00-C69AE14012B2}.Release|Any CPU.Build.0 = Release|Any CPU
		{0686B238-1A9C-4C42-8D00-C69AE14012B2}.Release|x64.ActiveCfg = Release|Any CPU
		{0686B238-1A9C-4C42-8D00-C69AE14012B2}.Release|x64.Build.0 = Release|Any CPU
		{0686B238-1A9C-4C42-8D00-C69AE14012B2}.Release|x86.ActiveCfg = Release|Any CPU
		{0686B238-1A9C-4C42-8D00-C69AE14012B2}.Release|x86.Build.0 = Release|Any CPU
		{745897D3-63ED-460A-9B21-23BC2BD97410}.Debug|Any CPU.ActiveCfg = Debug|Any CPU
		{745897D3-63ED-460A-9B21-23BC2BD97410}.Debug|Any CPU.Build.0 = Debug|Any CPU
		{745897D3-63ED-460A-9B21-23BC2BD97410}.Debug|x64.ActiveCfg = Debug|Any CPU
		{745897D3-63ED-460A-9B21-23BC2BD97410}.Debug|x64.Build.0 = Debug|Any CPU
		{745897D3-63ED-460A-9B21-23BC2BD97410}.Debug|x86.ActiveCfg = Debug|Any CPU
		{745897D3-63ED-460A-9B21-23BC2BD97410}.Debug|x86.Build.0 = Debug|Any CPU
		{745897D3-63ED-460A-9B21-23BC2BD97410}.Release|Any CPU.ActiveCfg = Release|Any CPU
		{745897D3-63ED-460A-9B21-23BC2BD97410}.Release|Any CPU.Build.0 = Release|Any CPU
		{745897D3-63ED-460A-9B21-23BC2BD97410}.Release|x64.ActiveCfg = Release|Any CPU
		{745897D3-63ED-460A-9B21-23BC2BD97410}.Release|x64.Build.0 = Release|Any CPU
		{745897D3-63ED-460A-9B21-23BC2BD97410}.Release|x86.ActiveCfg = Release|Any CPU
		{745897D3-63ED-460A-9B21-23BC2BD97410}.Release|x86.Build.0 = Release|Any CPU
	EndGlobalSection
	GlobalSection(SolutionProperties) = preSolution
		HideSolutionNode = FALSE
	EndGlobalSection
	GlobalSection(ExtensibilityGlobals) = postSolution
		SolutionGuid = {D7CFF6A7-D87F-4FA2-81C4-1C3C165AB6FA}
	EndGlobalSection
EndGlobal
